// !$*UTF8*$!
{
	archiveVersion = 1;
	classes = {
	};
	objectVersion = 46;
	objects = {

/* Begin PBXBuildFile section */
		FE884C191C88638B00AE43C9 /* libedit.tbd in Frameworks */ = {isa = PBXBuildFile; fileRef = FE884C181C88638B00AE43C9 /* libedit.tbd */; };
		FE884C1B1C8863AA00AE43C9 /* libtermcap.tbd in Frameworks */ = {isa = PBXBuildFile; fileRef = FE884C1A1C8863AA00AE43C9 /* libtermcap.tbd */; };
		FE8BC7391C87F424002BEFC3 /* main.cpp in Sources */ = {isa = PBXBuildFile; fileRef = FE8BC7381C87F424002BEFC3 /* main.cpp */; };
		FE9DB6111C889244001A9305 /* REPL.cpp in Sources */ = {isa = PBXBuildFile; fileRef = FE9DB60F1C889244001A9305 /* REPL.cpp */; };
		FED2A0D51C88522C001F8743 /* libreadline.tbd in Frameworks */ = {isa = PBXBuildFile; fileRef = FED2A0D41C88522C001F8743 /* libreadline.tbd */; };
/* End PBXBuildFile section */

/* Begin PBXCopyFilesBuildPhase section */
		FE8BC7331C87F424002BEFC3 /* CopyFiles */ = {
			isa = PBXCopyFilesBuildPhase;
			buildActionMask = 2147483647;
			dstPath = /usr/share/man/man1/;
			dstSubfolderSpec = 0;
			files = (
			);
			runOnlyForDeploymentPostprocessing = 1;
		};
/* End PBXCopyFilesBuildPhase section */

/* Begin PBXFileReference section */
		FE884C181C88638B00AE43C9 /* libedit.tbd */ = {isa = PBXFileReference; lastKnownFileType = "sourcecode.text-based-dylib-definition"; name = libedit.tbd; path = usr/lib/libedit.tbd; sourceTree = SDKROOT; };
		FE884C1A1C8863AA00AE43C9 /* libtermcap.tbd */ = {isa = PBXFileReference; lastKnownFileType = "sourcecode.text-based-dylib-definition"; name = libtermcap.tbd; path = usr/lib/libtermcap.tbd; sourceTree = SDKROOT; };
		FE8BC7351C87F424002BEFC3 /* demo */ = {isa = PBXFileReference; explicitFileType = "compiled.mach-o.executable"; includeInIndex = 0; path = demo; sourceTree = BUILT_PRODUCTS_DIR; };
		FE8BC7381C87F424002BEFC3 /* main.cpp */ = {isa = PBXFileReference; lastKnownFileType = sourcecode.cpp.cpp; path = main.cpp; sourceTree = "<group>"; };
		FE9DB60F1C889244001A9305 /* REPL.cpp */ = {isa = PBXFileReference; fileEncoding = 4; lastKnownFileType = sourcecode.cpp.cpp; path = REPL.cpp; sourceTree = "<group>"; };
		FE9DB6101C889244001A9305 /* REPL.h */ = {isa = PBXFileReference; fileEncoding = 4; lastKnownFileType = sourcecode.c.h; path = REPL.h; sourceTree = "<group>"; };
		FED2A0D41C88522C001F8743 /* libreadline.tbd */ = {isa = PBXFileReference; lastKnownFileType = "sourcecode.text-based-dylib-definition"; name = libreadline.tbd; path = usr/lib/libreadline.tbd; sourceTree = SDKROOT; };
/* End PBXFileReference section */

/* Begin PBXFrameworksBuildPhase section */
		FE8BC7321C87F424002BEFC3 /* Frameworks */ = {
			isa = PBXFrameworksBuildPhase;
			buildActionMask = 2147483647;
			files = (
				FE884C1B1C8863AA00AE43C9 /* libtermcap.tbd in Frameworks */,
				FE884C191C88638B00AE43C9 /* libedit.tbd in Frameworks */,
				FED2A0D51C88522C001F8743 /* libreadline.tbd in Frameworks */,
			);
			runOnlyForDeploymentPostprocessing = 0;
		};
/* End PBXFrameworksBuildPhase section */

/* Begin PBXGroup section */
		FE8BC72C1C87F424002BEFC3 = {
			isa = PBXGroup;
			children = (
				FE884C1A1C8863AA00AE43C9 /* libtermcap.tbd */,
				FE884C181C88638B00AE43C9 /* libedit.tbd */,
				FED2A0D41C88522C001F8743 /* libreadline.tbd */,
				FE8BC7371C87F424002BEFC3 /* demo */,
				FE8BC7361C87F424002BEFC3 /* Products */,
			);
			sourceTree = "<group>";
		};
		FE8BC7361C87F424002BEFC3 /* Products */ = {
			isa = PBXGroup;
			children = (
				FE8BC7351C87F424002BEFC3 /* demo */,
			);
			name = Products;
			sourceTree = "<group>";
		};
		FE8BC7371C87F424002BEFC3 /* demo */ = {
			isa = PBXGroup;
			children = (
				FE8BC7381C87F424002BEFC3 /* main.cpp */,
				FE9DB60F1C889244001A9305 /* REPL.cpp */,
				FE9DB6101C889244001A9305 /* REPL.h */,
			);
			path = demo;
			sourceTree = "<group>";
		};
/* End PBXGroup section */

/* Begin PBXNativeTarget section */
		FE8BC7341C87F424002BEFC3 /* demo */ = {
			isa = PBXNativeTarget;
			buildConfigurationList = FE8BC73C1C87F424002BEFC3 /* Build configuration list for PBXNativeTarget "demo" */;
			buildPhases = (
				FE8BC7311C87F424002BEFC3 /* Sources */,
				FE8BC7321C87F424002BEFC3 /* Frameworks */,
				FE8BC7331C87F424002BEFC3 /* CopyFiles */,
			);
			buildRules = (
			);
			dependencies = (
			);
			name = demo;
			productName = demo;
			productReference = FE8BC7351C87F424002BEFC3 /* demo */;
			productType = "com.apple.product-type.tool";
		};
/* End PBXNativeTarget section */

/* Begin PBXProject section */
		FE8BC72D1C87F424002BEFC3 /* Project object */ = {
			isa = PBXProject;
			attributes = {
				LastUpgradeCheck = 0720;
				ORGANIZATIONNAME = BlueCocoa;
				TargetAttributes = {
					FE8BC7341C87F424002BEFC3 = {
						CreatedOnToolsVersion = 7.2;
					};
				};
			};
			buildConfigurationList = FE8BC7301C87F424002BEFC3 /* Build configuration list for PBXProject "demo" */;
			compatibilityVersion = "Xcode 3.2";
			developmentRegion = English;
			hasScannedForEncodings = 0;
			knownRegions = (
				en,
			);
			mainGroup = FE8BC72C1C87F424002BEFC3;
			productRefGroup = FE8BC7361C87F424002BEFC3 /* Products */;
			projectDirPath = "";
			projectRoot = "";
			targets = (
				FE8BC7341C87F424002BEFC3 /* demo */,
			);
		};
/* End PBXProject section */

/* Begin PBXSourcesBuildPhase section */
		FE8BC7311C87F424002BEFC3 /* Sources */ = {
			isa = PBXSourcesBuildPhase;
			buildActionMask = 2147483647;
			files = (
				FE9DB6111C889244001A9305 /* REPL.cpp in Sources */,
				FE8BC7391C87F424002BEFC3 /* main.cpp in Sources */,
			);
			runOnlyForDeploymentPostprocessing = 0;
		};
/* End PBXSourcesBuildPhase section */

/* Begin XCBuildConfiguration section */
		FE8BC73A1C87F424002BEFC3 /* Debug */ = {
			isa = XCBuildConfiguration;
			buildSettings = {
				ALWAYS_SEARCH_USER_PATHS = NO;
				CLANG_CXX_LANGUAGE_STANDARD = "gnu++0x";
				CLANG_CXX_LIBRARY = "libc++";
				CLANG_ENABLE_MODULES = YES;
				CLANG_ENABLE_OBJC_ARC = YES;
				CLANG_WARN_BOOL_CONVERSION = YES;
				CLANG_WARN_CONSTANT_CONVERSION = YES;
				CLANG_WARN_DIRECT_OBJC_ISA_USAGE = YES_ERROR;
				CLANG_WARN_EMPTY_BODY = YES;
				CLANG_WARN_ENUM_CONVERSION = YES;
				CLANG_WARN_INT_CONVERSION = YES;
				CLANG_WARN_OBJC_ROOT_CLASS = YES_ERROR;
				CLANG_WARN_UNREACHABLE_CODE = YES;
				CLANG_WARN__DUPLICATE_METHOD_MATCH = YES;
				CODE_SIGN_IDENTITY = "-";
				COPY_PHASE_STRIP = NO;
				DEBUG_INFORMATION_FORMAT = dwarf;
				ENABLE_STRICT_OBJC_MSGSEND = YES;
				ENABLE_TESTABILITY = YES;
				GCC_C_LANGUAGE_STANDARD = gnu99;
				GCC_DYNAMIC_NO_PIC = NO;
				GCC_NO_COMMON_BLOCKS = YES;
				GCC_OPTIMIZATION_LEVEL = 0;
				GCC_PREPROCESSOR_DEFINITIONS = (
					"DEBUG=1",
					"$(inherited)",
				);
				GCC_WARN_64_TO_32_BIT_CONVERSION = YES;
				GCC_WARN_ABOUT_RETURN_TYPE = YES_ERROR;
				GCC_WARN_UNDECLARED_SELECTOR = YES;
				GCC_WARN_UNINITIALIZED_AUTOS = YES_AGGRESSIVE;
				GCC_WARN_UNUSED_FUNCTION = YES;
				GCC_WARN_UNUSED_VARIABLE = YES;
				MACOSX_DEPLOYMENT_TARGET = 10.11;
				MTL_ENABLE_DEBUG_INFO = YES;
				ONLY_ACTIVE_ARCH = YES;
				SDKROOT = macosx;
			};
			name = Debug;
		};
		FE8BC73B1C87F424002BEFC3 /* Release */ = {
			isa = XCBuildConfiguration;
			buildSettings = {
				ALWAYS_SEARCH_USER_PATHS = NO;
				CLANG_CXX_LANGUAGE_STANDARD = "gnu++0x";
				CLANG_CXX_LIBRARY = "libc++";
				CLANG_ENABLE_MODULES = YES;
				CLANG_ENABLE_OBJC_ARC = YES;
				CLANG_WARN_BOOL_CONVERSION = YES;
				CLANG_WARN_CONSTANT_CONVERSION = YES;
				CLANG_WARN_DIRECT_OBJC_ISA_USAGE = YES_ERROR;
				CLANG_WARN_EMPTY_BODY = YES;
				CLANG_WARN_ENUM_CONVERSION = YES;
				CLANG_WARN_INT_CONVERSION = YES;
				CLANG_WARN_OBJC_ROOT_CLASS = YES_ERROR;
				CLANG_WARN_UNREACHABLE_CODE = YES;
				CLANG_WARN__DUPLICATE_METHOD_MATCH = YES;
				CODE_SIGN_IDENTITY = "-";
				COPY_PHASE_STRIP = NO;
				DEBUG_INFORMATION_FORMAT = "dwarf-with-dsym";
				ENABLE_NS_ASSERTIONS = NO;
				ENABLE_STRICT_OBJC_MSGSEND = YES;
				GCC_C_LANGUAGE_STANDARD = gnu99;
				GCC_NO_COMMON_BLOCKS = YES;
				GCC_WARN_64_TO_32_BIT_CONVERSION = YES;
				GCC_WARN_ABOUT_RETURN_TYPE = YES_ERROR;
				GCC_WARN_UNDECLARED_SELECTOR = YES;
				GCC_WARN_UNINITIALIZED_AUTOS = YES_AGGRESSIVE;
				GCC_WARN_UNUSED_FUNCTION = YES;
				GCC_WARN_UNUSED_VARIABLE = YES;
				MACOSX_DEPLOYMENT_TARGET = 10.11;
				MTL_ENABLE_DEBUG_INFO = NO;
				SDKROOT = macosx;
			};
			name = Release;
		};
		FE8BC73D1C87F424002BEFC3 /* Debug */ = {
			isa = XCBuildConfiguration;
			buildSettings = {
				OTHER_CPLUSPLUSFLAGS = (
					"$(OTHER_CFLAGS)",
					"-std=c++14",
				);
				PRODUCT_NAME = "$(TARGET_NAME)";
			};
			name = Debug;
		};
		FE8BC73E1C87F424002BEFC3 /* Release */ = {
			isa = XCBuildConfiguration;
			buildSettings = {
				OTHER_CPLUSPLUSFLAGS = (
					"$(OTHER_CFLAGS)",
					"-std=c++14",
				);
				PRODUCT_NAME = "$(TARGET_NAME)";
			};
			name = Release;
		};
/* End XCBuildConfiguration section */

/* Begin XCConfigurationList section */
		FE8BC7301C87F424002BEFC3 /* Build configuration list for PBXProject "demo" */ = {
			isa = XCConfigurationList;
			buildConfigurations = (
				FE8BC73A1C87F424002BEFC3 /* Debug */,
				FE8BC73B1C87F424002BEFC3 /* Release */,
			);
			defaultConfigurationIsVisible = 0;
			defaultConfigurationName = Release;
		};
		FE8BC73C1C87F424002BEFC3 /* Build configuration list for PBXNativeTarget "demo" */ = {
			isa = XCConfigurationList;
			buildConfigurations = (
				FE8BC73D1C87F424002BEFC3 /* Debug */,
				FE8BC73E1C87F424002BEFC3 /* Release */,
			);
			defaultConfigurationIsVisible = 0;
			defaultConfigurationName = Release;
		};
/* End XCConfigurationList section */
	};
	rootObject = FE8BC72D1C87F424002BEFC3 /* Project object */;
}
